<Solution>
  <Folder Name="/src/">
    <Project Path="src/GameEngineAdapter.Headless/GameEngineAdapter.Headless.csproj" />
    <Project Path="src/GameEngineAdapter.UnitTests/GameEngineAdapter.UnitTests.csproj" />
    <Project Path="src/GameEngineAdapter.Core/GameEngineAdapter.Core.csproj" />
  </Folder>
</Solution>
